%{
  "googleapis": {:hex, :googleapis, "0.1.0", "13770f3f75f5b863fb9acf41633c7bc71bad788f3f553b66481a096d083ee20e", [:mix], [{:protobuf, "~> 0.12", [hex: :protobuf, repo: "hexpm", optional: false]}], "hexpm", "1989a7244fd17d3eb5f3de311a022b656c3736b39740db46506157c4604bd212"},
  "grpc": {:hex, :grpc, "1.0.0", "edb1cbfa752195934058fed0822da8e1cdf41ed47f5da94cea153cfc57e994da", [:mix], [{:castore, "~> 1.0", [hex: :castore, repo: "hexpm", optional: true]}, {:grpc_core, "~> 1.0.0", [hex: :grpc_core, repo: "hexpm", optional: false]}, {:gun, "~> 2.2.0", [hex: :gun, repo: "hexpm", optional: true]}, {:mint, "~> 1.9", [hex: :mint, repo: "hexpm", optional: true]}], "hexpm", "d3811809268817d46f7f4dedfe8eccd95cc31c148f02f1a35f0a775b34579605"},
  "grpc_core": {:hex, :grpc_core, "1.0.0", "58a6446dfa7cb96c1d2a4da2aa630a728a63d6a8252812aa5e6d51ce79e8c1c8", [:mix], [{:googleapis, "~> 0.1.0", [hex: :googleapis, repo: "hexpm", optional: false]}, {:jason, ">= 0.0.0", [hex: :jason, repo: "hexpm", optional: false]}, {:protobuf, "~> 0.17", [hex: :protobuf, repo: "hexpm", optional: false]}, {:telemetry, "~> 1.0", [hex: :telemetry, repo: "hexpm", optional: false]}], "hexpm", "181c84e6fcd6ed456711503f47c238d4aa6fc2bdc5d1cf5851c779062b224a6a"},
  "jason": {:hex, :jason, "1.4.5", "2e3a008590b0b8d7388c20293e9dcc9cf3e5d642fd2a114e4cbbb52e595d940a", [:mix], [{:decimal, "~> 1.0 or ~> 2.0 or ~> 3.0", [hex: :decimal, repo: "hexpm", optional: true]}], "hexpm", "b0c823996102bcd0239b3c2444eb00409b72f6a140c1950bc8b457d836b30684"},
  "protobuf": {:hex, :protobuf, "0.17.0", "39e24e43c9648e148feba16ed51100b5b2028ea900b55460377b0476f6e10613", [:mix], [{:jason, "~> 1.2", [hex: :jason, repo: "hexpm", optional: true]}], "hexpm", "ca6c91f6f63e2c147b47f03eefd10b80538aa6fc55ff4b12b795efb786b0152f"},
  "telemetry": {:hex, :telemetry, "1.4.2", "a0cb522801dffb1c49fe6e30561badffc7b6d0e180db1300df759faa22062855", [:rebar3], [], "hexpm", "928f6495066506077862c0d1646609eed891a4326bee3126ba54b60af61febb1"},
}
